{
  "version": "5",
  "specifiers": {
    "jsr:@hdae/fetch-cache@0.4": "0.4.0",
    "jsr:@hdae/fetch-cache@~0.3.1": "0.3.1",
    "jsr:@hdae/yomi@~0.4.2": "0.4.2",
    "jsr:@std/assert@1": "1.0.19",
    "jsr:@std/internal@^1.0.12": "1.0.14"
  },
  "jsr": {
    "@hdae/fetch-cache@0.3.1": {
      "integrity": "47f90208b157d54ce245f190180ec63d4538fd2a825d2aaa8fd162672695e6a9"
    },
    "@hdae/fetch-cache@0.4.0": {
      "integrity": "7c3ca808c58ebc3d78c2b7a24fc98113fbfdba4abd8a5e6826d6c093a11f2ee2"
    },
    "@hdae/yomi@0.4.2": {
      "integrity": "01f9dd3efbd01b2ff1d20e9d5cb2e3556ff7d1462a37fbd3e5f9e1ff37411394",
      "dependencies": [
        "jsr:@hdae/fetch-cache@~0.3.1"
      ]
    },
    "@std/assert@1.0.19": {
      "integrity": "eaada96ee120cb980bc47e040f82814d786fe8162ecc53c91d8df60b8755991e",
      "dependencies": [
        "jsr:@std/internal"
      ]
    },
    "@std/internal@1.0.14": {
      "integrity": "291516b3d4c35024d6ffbc0a9df5bf4c64116e05b50012cf846710152d2ffdf7"
    }
  },
  "workspace": {
    "dependencies": [
      "jsr:@hdae/yomi@~0.4.2",
      "jsr:@std/assert@1"
    ],
    "members": {
      "packages/hub": {
        "dependencies": [
          "jsr:@hdae/fetch-cache@0.4"
        ]
      },
      "packages/models": {
        "dependencies": [
          "jsr:@hdae/yomi@~0.4.2",
          "jsr:@karume/hub@0.1",
          "jsr:@karume/runtime@0.1"
        ]
      }
    }
  }
}
